
Microsoft Visual Studio Solution File, Format Version 12.00
# Visual Studio 15
VisualStudioVersion = 15.0.28307.168
MinimumVisualStudioVersion = 10.0.40219.1
Project("{9A19103F-16F7-4668-BE54-9A1E7A4F7556}") = "reference-app.web", "WebApplication\reference-app.web.csproj", "{F4993CA9-6E4F-47E3-A31E-638CA341DFC5}"
EndProject
Project("{151D2E53-A2C4-4D7D-83FE-D05416EBD58E}") = "reference-app.arm", "reference-app.arm\reference-app.arm.deployproj", "{90527E30-F88B-4B71-9563-B2B3CD77A909}"
EndProject
Project("{FAE04EC0-301F-11D3-BF4B-00C04F79EFBC}") = "reference-app.web.unittest", "reference-app.web.unittest\reference-app.web.unittest.csproj", "{BB9FC516-BB3D-4FE1-919F-9A5EC43E7F5C}"
EndProject
Global
	GlobalSection(SolutionConfigurationPlatforms) = preSolution
		Debug|Any CPU = Debug|Any CPU
		Release|Any CPU = Release|Any CPU
	EndGlobalSection
	GlobalSection(ProjectConfigurationPlatforms) = postSolution
		{F4993CA9-6E4F-47E3-A31E-638CA341DFC5}.Debug|Any CPU.ActiveCfg = Debug|Any CPU
		{F4993CA9-6E4F-47E3-A31E-638CA341DFC5}.Debug|Any CPU.Build.0 = Debug|Any CPU
		{F4993CA9-6E4F-47E3-A31E-638CA341DFC5}.Release|Any CPU.ActiveCfg = Release|Any CPU
		{F4993CA9-6E4F-47E3-A31E-638CA341DFC5}.Release|Any CPU.Build.0 = Release|Any CPU
		{90527E30-F88B-4B71-9563-B2B3CD77A909}.Debug|Any CPU.ActiveCfg = Debug|Any CPU
		{90527E30-F88B-4B71-9563-B2B3CD77A909}.Debug|Any CPU.Build.0 = Debug|Any CPU
		{90527E30-F88B-4B71-9563-B2B3CD77A909}.Release|Any CPU.ActiveCfg = Release|Any CPU
		{90527E30-F88B-4B71-9563-B2B3CD77A909}.Release|Any CPU.Build.0 = Release|Any CPU
		{BB9FC516-BB3D-4FE1-919F-9A5EC43E7F5C}.Debug|Any CPU.ActiveCfg = Debug|Any CPU
		{BB9FC516-BB3D-4FE1-919F-9A5EC43E7F5C}.Debug|Any CPU.Build.0 = Debug|Any CPU
		{BB9FC516-BB3D-4FE1-919F-9A5EC43E7F5C}.Release|Any CPU.ActiveCfg = Release|Any CPU
		{BB9FC516-BB3D-4FE1-919F-9A5EC43E7F5C}.Release|Any CPU.Build.0 = Release|Any CPU
	EndGlobalSection
	GlobalSection(SolutionProperties) = preSolution
		HideSolutionNode = FALSE
	EndGlobalSection
	GlobalSection(ExtensibilityGlobals) = postSolution
		SolutionGuid = {A568F738-C24D-4288-AE07-21FAE9819128}
	EndGlobalSection
EndGlobal
